
Microsoft Visual Studio Solution File, Format Version 12.00
# Visual Studio Version 16
VisualStudioVersion = 16.0.31313.79
MinimumVisualStudioVersion = 10.0.40219.1
Project("{9A19103F-16F7-4668-BE54-9A1E7A4F7556}") = "VaccineForm", "VaccineForm.csproj", "{EAB78491-41A2-45AB-B58B-4CBA736ECDD9}"
EndProject
Project("{54435603-DBB4-11D2-8724-00A0C9A8B90C}") = "Vaccination App", "..\Vaccination App\Vaccination App.vdproj", "{F6E19DE4-0152-4C19-8E66-6F8261847AA1}"
EndProject
Global
	GlobalSection(SolutionConfigurationPlatforms) = preSolution
		Debug|Any CPU = Debug|Any CPU
		Release|Any CPU = Release|Any CPU
	EndGlobalSection
	GlobalSection(ProjectConfigurationPlatforms) = postSolution
		{EAB78491-41A2-45AB-B58B-4CBA736ECDD9}.Debug|Any CPU.ActiveCfg = Debug|Any CPU
		{EAB78491-41A2-45AB-B58B-4CBA736ECDD9}.Debug|Any CPU.Build.0 = Debug|Any CPU
		{EAB78491-41A2-45AB-B58B-4CBA736ECDD9}.Release|Any CPU.ActiveCfg = Release|Any CPU
		{EAB78491-41A2-45AB-B58B-4CBA736ECDD9}.Release|Any CPU.Build.0 = Release|Any CPU
		{F6E19DE4-0152-4C19-8E66-6F8261847AA1}.Debug|Any CPU.ActiveCfg = Debug
		{F6E19DE4-0152-4C19-8E66-6F8261847AA1}.Release|Any CPU.ActiveCfg = Release
	EndGlobalSection
	GlobalSection(SolutionProperties) = preSolution
		HideSolutionNode = FALSE
	EndGlobalSection
	GlobalSection(ExtensibilityGlobals) = postSolution
		SolutionGuid = {695B5DD3-C0D2-4E55-A94B-9A32CCD71EF7}
	EndGlobalSection
EndGlobal
